
Microsoft Visual Studio Solution File, Format Version 12.00
# Visual Studio Version 16
VisualStudioVersion = 16.0.28803.156
MinimumVisualStudioVersion = 10.0.40219.1
Project("{FAE04EC0-301F-11D3-BF4B-00C04F79EFBC}") = "JZipCodeSearch", "JZipCodeSearch\JZipCodeSearch.csproj", "{0B86FF61-BDFE-407B-8B6B-C7A239C17E90}"
EndProject
Project("{FAE04EC0-301F-11D3-BF4B-00C04F79EFBC}") = "Test", "Test\Test.csproj", "{C4F57C55-5BC8-44C5-8463-9E4933E89996}"
EndProject
Global
	GlobalSection(SolutionConfigurationPlatforms) = preSolution
		Debug|Any CPU = Debug|Any CPU
		Release|Any CPU = Release|Any CPU
	EndGlobalSection
	GlobalSection(ProjectConfigurationPlatforms) = postSolution
		{0B86FF61-BDFE-407B-8B6B-C7A239C17E90}.Debug|Any CPU.ActiveCfg = Debug|Any CPU
		{0B86FF61-BDFE-407B-8B6B-C7A239C17E90}.Debug|Any CPU.Build.0 = Debug|Any CPU
		{0B86FF61-BDFE-407B-8B6B-C7A239C17E90}.Release|Any CPU.ActiveCfg = Release|Any CPU
		{0B86FF61-BDFE-407B-8B6B-C7A239C17E90}.Release|Any CPU.Build.0 = Release|Any CPU
		{C4F57C55-5BC8-44C5-8463-9E4933E89996}.Debug|Any CPU.ActiveCfg = Debug|Any CPU
		{C4F57C55-5BC8-44C5-8463-9E4933E89996}.Debug|Any CPU.Build.0 = Debug|Any CPU
		{C4F57C55-5BC8-44C5-8463-9E4933E89996}.Release|Any CPU.ActiveCfg = Release|Any CPU
		{C4F57C55-5BC8-44C5-8463-9E4933E89996}.Release|Any CPU.Build.0 = Release|Any CPU
	EndGlobalSection
	GlobalSection(SolutionProperties) = preSolution
		HideSolutionNode = FALSE
	EndGlobalSection
	GlobalSection(ExtensibilityGlobals) = postSolution
		SolutionGuid = {63655D28-4051-4150-964B-F92C623C3524}
	EndGlobalSection
EndGlobal
